
Microsoft Visual Studio Solution File, Format Version 12.00
# Visual Studio Version 17
VisualStudioVersion = 17.7.34031.279
MinimumVisualStudioVersion = 10.0.40219.1
Project("{FAE04EC0-301F-11D3-BF4B-00C04F79EFBC}") = "PixelsProcc", "PixelsProcc\PixelsProcc.csproj", "{AD6ED132-C10E-4A7F-AE87-408A977FB251}"
EndProject
Global
	GlobalSection(SolutionConfigurationPlatforms) = preSolution
		Debug|Any CPU = Debug|Any CPU
		Release|Any CPU = Release|Any CPU
	EndGlobalSection
	GlobalSection(ProjectConfigurationPlatforms) = postSolution
		{AD6ED132-C10E-4A7F-AE87-408A977FB251}.Debug|Any CPU.ActiveCfg = Debug|Any CPU
		{AD6ED132-C10E-4A7F-AE87-408A977FB251}.Debug|Any CPU.Build.0 = Debug|Any CPU
		{AD6ED132-C10E-4A7F-AE87-408A977FB251}.Release|Any CPU.ActiveCfg = Release|Any CPU
		{AD6ED132-C10E-4A7F-AE87-408A977FB251}.Release|Any CPU.Build.0 = Release|Any CPU
	EndGlobalSection
	GlobalSection(SolutionProperties) = preSolution
		HideSolutionNode = FALSE
	EndGlobalSection
	GlobalSection(ExtensibilityGlobals) = postSolution
		SolutionGuid = {F9CE3544-76CA-4006-81B0-A2A58F15DA77}
	EndGlobalSection
EndGlobal
